
Microsoft Visual Studio Solution File, Format Version 12.00
# Visual Studio 15
VisualStudioVersion = 15.0.26730.16
MinimumVisualStudioVersion = 10.0.40219.1
Project("{2150E333-8FDC-42A3-9474-1A3956D46DE8}") = "05.Miners", "05.Miners", "{919BE3F5-DAB6-4B33-865C-D7074DE21DB2}"
EndProject
Project("{2150E333-8FDC-42A3-9474-1A3956D46DE8}") = "01.Database", "01.Database", "{2260AB6D-FA61-464A-91E0-384563A6856D}"
EndProject
Project("{00D1A9C2-B5F0-4AF3-8072-F6C62B433612}") = "SmartEnergyDatabase", "SmartEnergyDatabase\SmartEnergyDatabase.sqlproj", "{FC5B52A4-86BA-45EA-8A8D-5F3BF57F510D}"
EndProject
Project("{2150E333-8FDC-42A3-9474-1A3956D46DE8}") = "02.OM", "02.OM", "{100A3CF9-D45F-4D15-8DCB-665D92E67474}"
EndProject
Project("{FAE04EC0-301F-11D3-BF4B-00C04F79EFBC}") = "SmartEnergyOM", "SmartEnergyOM\SmartEnergyOM.csproj", "{BE63C845-842A-4BB1-84D9-4C7FACBAAAD7}"
EndProject
Project("{FAE04EC0-301F-11D3-BF4B-00C04F79EFBC}") = "SmartEnergyOMTests", "SmartEnergyOMTests\SmartEnergyOMTests.csproj", "{3B131A80-4EF3-4EB8-9922-1FD3AAE47A66}"
EndProject
Project("{2150E333-8FDC-42A3-9474-1A3956D46DE8}") = "03.CarbonEmissionsMining", "03.CarbonEmissionsMining", "{2F67292C-7729-4FFB-99F3-0B9F4651759F}"
EndProject
Project("{FAE04EC0-301F-11D3-BF4B-00C04F79EFBC}") = "EmissionsApiInteraction", "CarbonEmissionsMining\EmissionsApiInteraction\EmissionsApiInteraction.csproj", "{A088CF46-2BFB-49A8-B2A5-80ED19A26F88}"
EndProject
Project("{FAE04EC0-301F-11D3-BF4B-00C04F79EFBC}") = "EmissionsApiInteractionTests", "CarbonEmissionsMining\EmissionsApiInteractionTests\EmissionsApiInteractionTests.csproj", "{E007E8F2-7B37-4382-8CE9-6A8A2F782C20}"
EndProject
Project("{2150E333-8FDC-42A3-9474-1A3956D46DE8}") = "04.WeatherDataMining", "04.WeatherDataMining", "{7ACD7A9C-6FA4-4927-AB48-845FD276AA11}"
EndProject
Project("{FAE04EC0-301F-11D3-BF4B-00C04F79EFBC}") = "WeatherApiInteraction", "WeatherDataMining\WeatherApiInteraction\WeatherApiInteraction.csproj", "{21C5D2CC-F314-4355-8904-E997E7DC35B4}"
EndProject
Project("{2150E333-8FDC-42A3-9474-1A3956D46DE8}") = "06.Telemetry", "06.Telemetry", "{1D0BA2E2-816F-43B4-8B6A-41FA8E9855A0}"
EndProject
Project("{2150E333-8FDC-42A3-9474-1A3956D46DE8}") = "08.Visualization", "08.Visualization", "{49B4257E-49C6-4AE4-B9C6-98E8D60D7BD1}"
EndProject
Project("{DA7A21FA-8162-4350-AD77-A8D1B671F3ED}") = "RVisualizationDashboard", "Visualization\RVisualizationDashboard\RVisualizationDashboard.rxproj", "{22C68121-5990-43F1-9A65-CE7F4A5D803A}"
EndProject
Project("{FAE04EC0-301F-11D3-BF4B-00C04F79EFBC}") = "AzureTableStorageLogger", "AzureTableStorageLogger\CentralLogger\AzureTableStorageLogger.csproj", "{FFFC5424-BF54-4A0F-AE14-C4A42C9F2DE3}"
EndProject
Project("{FAE04EC0-301F-11D3-BF4B-00C04F79EFBC}") = "AzureTableStorageLoggerIntegrationTests", "AzureTableStorageLogger\CentralLoggerIntegrationTests\AzureTableStorageLoggerIntegrationTests.csproj", "{3ED3295C-0AC5-43CA-8688-3DB167142EF6}"
EndProject
Project("{FAE04EC0-301F-11D3-BF4B-00C04F79EFBC}") = "WeatherApiInteractionTests", "WeatherDataMining\WeatherApiInteractionTests\WeatherApiInteractionTests.csproj", "{26AFFCCF-2311-4618-BA9C-0B7AEB8ABF0B}"
EndProject
Project("{FAE04EC0-301F-11D3-BF4B-00C04F79EFBC}") = "ApiDataMiners", "DataMining\ApiDataMiners\ApiDataMiners.csproj", "{DD38C082-9B23-4761-8D33-8E9ADCC4B5FE}"
EndProject
Project("{FAE04EC0-301F-11D3-BF4B-00C04F79EFBC}") = "ApiDataMinerTests", "DataMining\ApiDataMinerTests\ApiDataMinerTests.csproj", "{EE2DD030-690A-445A-9355-D9EB5AFDF0F5}"
EndProject
Project("{FAE04EC0-301F-11D3-BF4B-00C04F79EFBC}") = "ApiInteraction", "DataMining\ApiInteraction\ApiInteraction.csproj", "{0EA8CAFF-01DB-4632-8661-742CCF8C04FB}"
EndProject
Project("{FAE04EC0-301F-11D3-BF4B-00C04F79EFBC}") = "CustomDataMiners", "DataMining\CustomDataMiners\CustomDataMiners.csproj", "{699777E9-B685-4223-9292-C6FE1383D861}"
EndProject
Project("{2150E333-8FDC-42A3-9474-1A3956D46DE8}") = "07.AzureFunctions", "07.AzureFunctions", "{7F1B26FD-8FC1-4A2A-AA9E-7E80959E1460}"
EndProject
Project("{2150E333-8FDC-42A3-9474-1A3956D46DE8}") = "09.DataApi", "09.DataApi", "{C9FA4191-AA7A-4F43-9817-746001C05483}"
EndProject
Project("{FAE04EC0-301F-11D3-BF4B-00C04F79EFBC}") = "SmartEnergyDataApi", "DataApi\SmartEnergyDataApi.csproj", "{96E3BA07-6FCF-457E-A6E3-A7D7CE6BA45C}"
EndProject
Project("{FAE04EC0-301F-11D3-BF4B-00C04F79EFBC}") = "SmartEnergyDataApi.Tests", "DataApi.Tests\SmartEnergyDataApi.Tests.csproj", "{95F38FC3-28C1-4488-9CFB-621161262CAC}"
EndProject
Project("{9A19103F-16F7-4668-BE54-9A1E7A4F7556}") = "DataMinerFunction", "DataMinerFunction\DataMinerFunction.csproj", "{C57A07CF-BFF8-465D-AF31-3BB2BA1D1CD0}"
EndProject
Project("{2150E333-8FDC-42A3-9474-1A3956D46DE8}") = "PowerBI", "PowerBI", "{8461D20F-5C1C-405D-AF5D-CCDCFFD6A1BC}"
	ProjectSection(SolutionItems) = preProject
		Visualization\PowerBI\PowerBIDashboardTemplate.png = Visualization\PowerBI\PowerBIDashboardTemplate.png
		Visualization\PowerBI\PowerBIDashboardTemplate.pptx = Visualization\PowerBI\PowerBIDashboardTemplate.pptx
		Visualization\PowerBI\SmartEnergyDashboardDataImported.pbix = Visualization\PowerBI\SmartEnergyDashboardDataImported.pbix
		Visualization\PowerBI\SmartEnergyDashboardDirectQuery.pbix = Visualization\PowerBI\SmartEnergyDashboardDirectQuery.pbix
	EndProjectSection
EndProject
Project("{2150E333-8FDC-42A3-9474-1A3956D46DE8}") = "R", "R", "{B531BB7D-3544-4B48-9C5C-EFE33FB53A15}"
EndProject
Global
	GlobalSection(SolutionConfigurationPlatforms) = preSolution
		Debug|Any CPU = Debug|Any CPU
		Debug|x86 = Debug|x86
		Release|Any CPU = Release|Any CPU
		Release|x86 = Release|x86
	EndGlobalSection
	GlobalSection(ProjectConfigurationPlatforms) = postSolution
		{FC5B52A4-86BA-45EA-8A8D-5F3BF57F510D}.Debug|Any CPU.ActiveCfg = Debug|Any CPU
		{FC5B52A4-86BA-45EA-8A8D-5F3BF57F510D}.Debug|Any CPU.Build.0 = Debug|Any CPU
		{FC5B52A4-86BA-45EA-8A8D-5F3BF57F510D}.Debug|Any CPU.Deploy.0 = Debug|Any CPU
		{FC5B52A4-86BA-45EA-8A8D-5F3BF57F510D}.Debug|x86.ActiveCfg = Debug|Any CPU
		{FC5B52A4-86BA-45EA-8A8D-5F3BF57F510D}.Debug|x86.Build.0 = Debug|Any CPU
		{FC5B52A4-86BA-45EA-8A8D-5F3BF57F510D}.Debug|x86.Deploy.0 = Debug|Any CPU
		{FC5B52A4-86BA-45EA-8A8D-5F3BF57F510D}.Release|Any CPU.ActiveCfg = Release|Any CPU
		{FC5B52A4-86BA-45EA-8A8D-5F3BF57F510D}.Release|Any CPU.Build.0 = Release|Any CPU
		{FC5B52A4-86BA-45EA-8A8D-5F3BF57F510D}.Release|Any CPU.Deploy.0 = Release|Any CPU
		{FC5B52A4-86BA-45EA-8A8D-5F3BF57F510D}.Release|x86.ActiveCfg = Release|Any CPU
		{FC5B52A4-86BA-45EA-8A8D-5F3BF57F510D}.Release|x86.Build.0 = Release|Any CPU
		{FC5B52A4-86BA-45EA-8A8D-5F3BF57F510D}.Release|x86.Deploy.0 = Release|Any CPU
		{BE63C845-842A-4BB1-84D9-4C7FACBAAAD7}.Debug|Any CPU.ActiveCfg = Debug|Any CPU
		{BE63C845-842A-4BB1-84D9-4C7FACBAAAD7}.Debug|Any CPU.Build.0 = Debug|Any CPU
		{BE63C845-842A-4BB1-84D9-4C7FACBAAAD7}.Debug|x86.ActiveCfg = Debug|Any CPU
		{BE63C845-842A-4BB1-84D9-4C7FACBAAAD7}.Debug|x86.Build.0 = Debug|Any CPU
		{BE63C845-842A-4BB1-84D9-4C7FACBAAAD7}.Release|Any CPU.ActiveCfg = Release|Any CPU
		{BE63C845-842A-4BB1-84D9-4C7FACBAAAD7}.Release|Any CPU.Build.0 = Release|Any CPU
		{BE63C845-842A-4BB1-84D9-4C7FACBAAAD7}.Release|x86.ActiveCfg = Release|Any CPU
		{BE63C845-842A-4BB1-84D9-4C7FACBAAAD7}.Release|x86.Build.0 = Release|Any CPU
		{3B131A80-4EF3-4EB8-9922-1FD3AAE47A66}.Debug|Any CPU.ActiveCfg = Debug|Any CPU
		{3B131A80-4EF3-4EB8-9922-1FD3AAE47A66}.Debug|Any CPU.Build.0 = Debug|Any CPU
		{3B131A80-4EF3-4EB8-9922-1FD3AAE47A66}.Debug|x86.ActiveCfg = Debug|Any CPU
		{3B131A80-4EF3-4EB8-9922-1FD3AAE47A66}.Debug|x86.Build.0 = Debug|Any CPU
		{3B131A80-4EF3-4EB8-9922-1FD3AAE47A66}.Release|Any CPU.ActiveCfg = Release|Any CPU
		{3B131A80-4EF3-4EB8-9922-1FD3AAE47A66}.Release|Any CPU.Build.0 = Release|Any CPU
		{3B131A80-4EF3-4EB8-9922-1FD3AAE47A66}.Release|x86.ActiveCfg = Release|Any CPU
		{3B131A80-4EF3-4EB8-9922-1FD3AAE47A66}.Release|x86.Build.0 = Release|Any CPU
		{A088CF46-2BFB-49A8-B2A5-80ED19A26F88}.Debug|Any CPU.ActiveCfg = Debug|Any CPU
		{A088CF46-2BFB-49A8-B2A5-80ED19A26F88}.Debug|Any CPU.Build.0 = Debug|Any CPU
		{A088CF46-2BFB-49A8-B2A5-80ED19A26F88}.Debug|x86.ActiveCfg = Debug|Any CPU
		{A088CF46-2BFB-49A8-B2A5-80ED19A26F88}.Debug|x86.Build.0 = Debug|Any CPU
		{A088CF46-2BFB-49A8-B2A5-80ED19A26F88}.Release|Any CPU.ActiveCfg = Release|Any CPU
		{A088CF46-2BFB-49A8-B2A5-80ED19A26F88}.Release|Any CPU.Build.0 = Release|Any CPU
		{A088CF46-2BFB-49A8-B2A5-80ED19A26F88}.Release|x86.ActiveCfg = Release|Any CPU
		{A088CF46-2BFB-49A8-B2A5-80ED19A26F88}.Release|x86.Build.0 = Release|Any CPU
		{E007E8F2-7B37-4382-8CE9-6A8A2F782C20}.Debug|Any CPU.ActiveCfg = Debug|Any CPU
		{E007E8F2-7B37-4382-8CE9-6A8A2F782C20}.Debug|Any CPU.Build.0 = Debug|Any CPU
		{E007E8F2-7B37-4382-8CE9-6A8A2F782C20}.Debug|x86.ActiveCfg = Debug|Any CPU
		{E007E8F2-7B37-4382-8CE9-6A8A2F782C20}.Debug|x86.Build.0 = Debug|Any CPU
		{E007E8F2-7B37-4382-8CE9-6A8A2F782C20}.Release|Any CPU.ActiveCfg = Release|Any CPU
		{E007E8F2-7B37-4382-8CE9-6A8A2F782C20}.Release|Any CPU.Build.0 = Release|Any CPU
		{E007E8F2-7B37-4382-8CE9-6A8A2F782C20}.Release|x86.ActiveCfg = Release|Any CPU
		{E007E8F2-7B37-4382-8CE9-6A8A2F782C20}.Release|x86.Build.0 = Release|Any CPU
		{21C5D2CC-F314-4355-8904-E997E7DC35B4}.Debug|Any CPU.ActiveCfg = Debug|Any CPU
		{21C5D2CC-F314-4355-8904-E997E7DC35B4}.Debug|Any CPU.Build.0 = Debug|Any CPU
		{21C5D2CC-F314-4355-8904-E997E7DC35B4}.Debug|x86.ActiveCfg = Debug|Any CPU
		{21C5D2CC-F314-4355-8904-E997E7DC35B4}.Debug|x86.Build.0 = Debug|Any CPU
		{21C5D2CC-F314-4355-8904-E997E7DC35B4}.Release|Any CPU.ActiveCfg = Release|Any CPU
		{21C5D2CC-F314-4355-8904-E997E7DC35B4}.Release|Any CPU.Build.0 = Release|Any CPU
		{21C5D2CC-F314-4355-8904-E997E7DC35B4}.Release|x86.ActiveCfg = Release|Any CPU
		{21C5D2CC-F314-4355-8904-E997E7DC35B4}.Release|x86.Build.0 = Release|Any CPU
		{22C68121-5990-43F1-9A65-CE7F4A5D803A}.Debug|Any CPU.ActiveCfg = Debug|Any CPU
		{22C68121-5990-43F1-9A65-CE7F4A5D803A}.Debug|Any CPU.Build.0 = Debug|Any CPU
		{22C68121-5990-43F1-9A65-CE7F4A5D803A}.Debug|x86.ActiveCfg = Debug|Any CPU
		{22C68121-5990-43F1-9A65-CE7F4A5D803A}.Debug|x86.Build.0 = Debug|Any CPU
		{22C68121-5990-43F1-9A65-CE7F4A5D803A}.Release|Any CPU.ActiveCfg = Release|Any CPU
		{22C68121-5990-43F1-9A65-CE7F4A5D803A}.Release|Any CPU.Build.0 = Release|Any CPU
		{22C68121-5990-43F1-9A65-CE7F4A5D803A}.Release|x86.ActiveCfg = Release|Any CPU
		{22C68121-5990-43F1-9A65-CE7F4A5D803A}.Release|x86.Build.0 = Release|Any CPU
		{FFFC5424-BF54-4A0F-AE14-C4A42C9F2DE3}.Debug|Any CPU.ActiveCfg = Debug|Any CPU
		{FFFC5424-BF54-4A0F-AE14-C4A42C9F2DE3}.Debug|Any CPU.Build.0 = Debug|Any CPU
		{FFFC5424-BF54-4A0F-AE14-C4A42C9F2DE3}.Debug|x86.ActiveCfg = Debug|Any CPU
		{FFFC5424-BF54-4A0F-AE14-C4A42C9F2DE3}.Debug|x86.Build.0 = Debug|Any CPU
		{FFFC5424-BF54-4A0F-AE14-C4A42C9F2DE3}.Release|Any CPU.ActiveCfg = Release|Any CPU
		{FFFC5424-BF54-4A0F-AE14-C4A42C9F2DE3}.Release|Any CPU.Build.0 = Release|Any CPU
		{FFFC5424-BF54-4A0F-AE14-C4A42C9F2DE3}.Release|x86.ActiveCfg = Release|Any CPU
		{FFFC5424-BF54-4A0F-AE14-C4A42C9F2DE3}.Release|x86.Build.0 = Release|Any CPU
		{3ED3295C-0AC5-43CA-8688-3DB167142EF6}.Debug|Any CPU.ActiveCfg = Debug|Any CPU
		{3ED3295C-0AC5-43CA-8688-3DB167142EF6}.Debug|Any CPU.Build.0 = Debug|Any CPU
		{3ED3295C-0AC5-43CA-8688-3DB167142EF6}.Debug|x86.ActiveCfg = Debug|Any CPU
		{3ED3295C-0AC5-43CA-8688-3DB167142EF6}.Debug|x86.Build.0 = Debug|Any CPU
		{3ED3295C-0AC5-43CA-8688-3DB167142EF6}.Release|Any CPU.ActiveCfg = Release|Any CPU
		{3ED3295C-0AC5-43CA-8688-3DB167142EF6}.Release|Any CPU.Build.0 = Release|Any CPU
		{3ED3295C-0AC5-43CA-8688-3DB167142EF6}.Release|x86.ActiveCfg = Release|Any CPU
		{3ED3295C-0AC5-43CA-8688-3DB167142EF6}.Release|x86.Build.0 = Release|Any CPU
		{26AFFCCF-2311-4618-BA9C-0B7AEB8ABF0B}.Debug|Any CPU.ActiveCfg = Debug|Any CPU
		{26AFFCCF-2311-4618-BA9C-0B7AEB8ABF0B}.Debug|Any CPU.Build.0 = Debug|Any CPU
		{26AFFCCF-2311-4618-BA9C-0B7AEB8ABF0B}.Debug|x86.ActiveCfg = Debug|Any CPU
		{26AFFCCF-2311-4618-BA9C-0B7AEB8ABF0B}.Debug|x86.Build.0 = Debug|Any CPU
		{26AFFCCF-2311-4618-BA9C-0B7AEB8ABF0B}.Release|Any CPU.ActiveCfg = Release|Any CPU
		{26AFFCCF-2311-4618-BA9C-0B7AEB8ABF0B}.Release|Any CPU.Build.0 = Release|Any CPU
		{26AFFCCF-2311-4618-BA9C-0B7AEB8ABF0B}.Release|x86.ActiveCfg = Release|Any CPU
		{26AFFCCF-2311-4618-BA9C-0B7AEB8ABF0B}.Release|x86.Build.0 = Release|Any CPU
		{DD38C082-9B23-4761-8D33-8E9ADCC4B5FE}.Debug|Any CPU.ActiveCfg = Debug|Any CPU
		{DD38C082-9B23-4761-8D33-8E9ADCC4B5FE}.Debug|Any CPU.Build.0 = Debug|Any CPU
		{DD38C082-9B23-4761-8D33-8E9ADCC4B5FE}.Debug|x86.ActiveCfg = Debug|Any CPU
		{DD38C082-9B23-4761-8D33-8E9ADCC4B5FE}.Debug|x86.Build.0 = Debug|Any CPU
		{DD38C082-9B23-4761-8D33-8E9ADCC4B5FE}.Release|Any CPU.ActiveCfg = Release|Any CPU
		{DD38C082-9B23-4761-8D33-8E9ADCC4B5FE}.Release|Any CPU.Build.0 = Release|Any CPU
		{DD38C082-9B23-4761-8D33-8E9ADCC4B5FE}.Release|x86.ActiveCfg = Release|Any CPU
		{DD38C082-9B23-4761-8D33-8E9ADCC4B5FE}.Release|x86.Build.0 = Release|Any CPU
		{EE2DD030-690A-445A-9355-D9EB5AFDF0F5}.Debug|Any CPU.ActiveCfg = Debug|Any CPU
		{EE2DD030-690A-445A-9355-D9EB5AFDF0F5}.Debug|Any CPU.Build.0 = Debug|Any CPU
		{EE2DD030-690A-445A-9355-D9EB5AFDF0F5}.Debug|x86.ActiveCfg = Debug|Any CPU
		{EE2DD030-690A-445A-9355-D9EB5AFDF0F5}.Debug|x86.Build.0 = Debug|Any CPU
		{EE2DD030-690A-445A-9355-D9EB5AFDF0F5}.Release|Any CPU.ActiveCfg = Release|Any CPU
		{EE2DD030-690A-445A-9355-D9EB5AFDF0F5}.Release|Any CPU.Build.0 = Release|Any CPU
		{EE2DD030-690A-445A-9355-D9EB5AFDF0F5}.Release|x86.ActiveCfg = Release|Any CPU
		{EE2DD030-690A-445A-9355-D9EB5AFDF0F5}.Release|x86.Build.0 = Release|Any CPU
		{0EA8CAFF-01DB-4632-8661-742CCF8C04FB}.Debug|Any CPU.ActiveCfg = Debug|Any CPU
		{0EA8CAFF-01DB-4632-8661-742CCF8C04FB}.Debug|Any CPU.Build.0 = Debug|Any CPU
		{0EA8CAFF-01DB-4632-8661-742CCF8C04FB}.Debug|x86.ActiveCfg = Debug|Any CPU
		{0EA8CAFF-01DB-4632-8661-742CCF8C04FB}.Debug|x86.Build.0 = Debug|Any CPU
		{0EA8CAFF-01DB-4632-8661-742CCF8C04FB}.Release|Any CPU.ActiveCfg = Release|Any CPU
		{0EA8CAFF-01DB-4632-8661-742CCF8C04FB}.Release|Any CPU.Build.0 = Release|Any CPU
		{0EA8CAFF-01DB-4632-8661-742CCF8C04FB}.Release|x86.ActiveCfg = Release|Any CPU
		{0EA8CAFF-01DB-4632-8661-742CCF8C04FB}.Release|x86.Build.0 = Release|Any CPU
		{699777E9-B685-4223-9292-C6FE1383D861}.Debug|Any CPU.ActiveCfg = Debug|Any CPU
		{699777E9-B685-4223-9292-C6FE1383D861}.Debug|Any CPU.Build.0 = Debug|Any CPU
		{699777E9-B685-4223-9292-C6FE1383D861}.Debug|x86.ActiveCfg = Debug|Any CPU
		{699777E9-B685-4223-9292-C6FE1383D861}.Debug|x86.Build.0 = Debug|Any CPU
		{699777E9-B685-4223-9292-C6FE1383D861}.Release|Any CPU.ActiveCfg = Release|Any CPU
		{699777E9-B685-4223-9292-C6FE1383D861}.Release|Any CPU.Build.0 = Release|Any CPU
		{699777E9-B685-4223-9292-C6FE1383D861}.Release|x86.ActiveCfg = Release|Any CPU
		{699777E9-B685-4223-9292-C6FE1383D861}.Release|x86.Build.0 = Release|Any CPU
		{96E3BA07-6FCF-457E-A6E3-A7D7CE6BA45C}.Debug|Any CPU.ActiveCfg = Debug|Any CPU
		{96E3BA07-6FCF-457E-A6E3-A7D7CE6BA45C}.Debug|Any CPU.Build.0 = Debug|Any CPU
		{96E3BA07-6FCF-457E-A6E3-A7D7CE6BA45C}.Debug|x86.ActiveCfg = Debug|Any CPU
		{96E3BA07-6FCF-457E-A6E3-A7D7CE6BA45C}.Debug|x86.Build.0 = Debug|Any CPU
		{96E3BA07-6FCF-457E-A6E3-A7D7CE6BA45C}.Release|Any CPU.ActiveCfg = Release|Any CPU
		{96E3BA07-6FCF-457E-A6E3-A7D7CE6BA45C}.Release|Any CPU.Build.0 = Release|Any CPU
		{96E3BA07-6FCF-457E-A6E3-A7D7CE6BA45C}.Release|x86.ActiveCfg = Release|Any CPU
		{96E3BA07-6FCF-457E-A6E3-A7D7CE6BA45C}.Release|x86.Build.0 = Release|Any CPU
		{95F38FC3-28C1-4488-9CFB-621161262CAC}.Debug|Any CPU.ActiveCfg = Debug|Any CPU
		{95F38FC3-28C1-4488-9CFB-621161262CAC}.Debug|Any CPU.Build.0 = Debug|Any CPU
		{95F38FC3-28C1-4488-9CFB-621161262CAC}.Debug|x86.ActiveCfg = Debug|Any CPU
		{95F38FC3-28C1-4488-9CFB-621161262CAC}.Debug|x86.Build.0 = Debug|Any CPU
		{95F38FC3-28C1-4488-9CFB-621161262CAC}.Release|Any CPU.ActiveCfg = Release|Any CPU
		{95F38FC3-28C1-4488-9CFB-621161262CAC}.Release|Any CPU.Build.0 = Release|Any CPU
		{95F38FC3-28C1-4488-9CFB-621161262CAC}.Release|x86.ActiveCfg = Release|Any CPU
		{95F38FC3-28C1-4488-9CFB-621161262CAC}.Release|x86.Build.0 = Release|Any CPU
		{C57A07CF-BFF8-465D-AF31-3BB2BA1D1CD0}.Debug|Any CPU.ActiveCfg = Debug|Any CPU
		{C57A07CF-BFF8-465D-AF31-3BB2BA1D1CD0}.Debug|Any CPU.Build.0 = Debug|Any CPU
		{C57A07CF-BFF8-465D-AF31-3BB2BA1D1CD0}.Debug|x86.ActiveCfg = Debug|Any CPU
		{C57A07CF-BFF8-465D-AF31-3BB2BA1D1CD0}.Debug|x86.Build.0 = Debug|Any CPU
		{C57A07CF-BFF8-465D-AF31-3BB2BA1D1CD0}.Release|Any CPU.ActiveCfg = Release|Any CPU
		{C57A07CF-BFF8-465D-AF31-3BB2BA1D1CD0}.Release|Any CPU.Build.0 = Release|Any CPU
		{C57A07CF-BFF8-465D-AF31-3BB2BA1D1CD0}.Release|x86.ActiveCfg = Release|Any CPU
		{C57A07CF-BFF8-465D-AF31-3BB2BA1D1CD0}.Release|x86.Build.0 = Release|Any CPU
	EndGlobalSection
	GlobalSection(SolutionProperties) = preSolution
		HideSolutionNode = FALSE
	EndGlobalSection
	GlobalSection(NestedProjects) = preSolution
		{FC5B52A4-86BA-45EA-8A8D-5F3BF57F510D} = {2260AB6D-FA61-464A-91E0-384563A6856D}
		{BE63C845-842A-4BB1-84D9-4C7FACBAAAD7} = {100A3CF9-D45F-4D15-8DCB-665D92E67474}
		{3B131A80-4EF3-4EB8-9922-1FD3AAE47A66} = {100A3CF9-D45F-4D15-8DCB-665D92E67474}
		{A088CF46-2BFB-49A8-B2A5-80ED19A26F88} = {2F67292C-7729-4FFB-99F3-0B9F4651759F}
		{E007E8F2-7B37-4382-8CE9-6A8A2F782C20} = {2F67292C-7729-4FFB-99F3-0B9F4651759F}
		{21C5D2CC-F314-4355-8904-E997E7DC35B4} = {7ACD7A9C-6FA4-4927-AB48-845FD276AA11}
		{22C68121-5990-43F1-9A65-CE7F4A5D803A} = {B531BB7D-3544-4B48-9C5C-EFE33FB53A15}
		{FFFC5424-BF54-4A0F-AE14-C4A42C9F2DE3} = {1D0BA2E2-816F-43B4-8B6A-41FA8E9855A0}
		{3ED3295C-0AC5-43CA-8688-3DB167142EF6} = {1D0BA2E2-816F-43B4-8B6A-41FA8E9855A0}
		{26AFFCCF-2311-4618-BA9C-0B7AEB8ABF0B} = {7ACD7A9C-6FA4-4927-AB48-845FD276AA11}
		{DD38C082-9B23-4761-8D33-8E9ADCC4B5FE} = {919BE3F5-DAB6-4B33-865C-D7074DE21DB2}
		{EE2DD030-690A-445A-9355-D9EB5AFDF0F5} = {919BE3F5-DAB6-4B33-865C-D7074DE21DB2}
		{0EA8CAFF-01DB-4632-8661-742CCF8C04FB} = {919BE3F5-DAB6-4B33-865C-D7074DE21DB2}
		{699777E9-B685-4223-9292-C6FE1383D861} = {919BE3F5-DAB6-4B33-865C-D7074DE21DB2}
		{96E3BA07-6FCF-457E-A6E3-A7D7CE6BA45C} = {C9FA4191-AA7A-4F43-9817-746001C05483}
		{95F38FC3-28C1-4488-9CFB-621161262CAC} = {C9FA4191-AA7A-4F43-9817-746001C05483}
		{C57A07CF-BFF8-465D-AF31-3BB2BA1D1CD0} = {7F1B26FD-8FC1-4A2A-AA9E-7E80959E1460}
		{8461D20F-5C1C-405D-AF5D-CCDCFFD6A1BC} = {49B4257E-49C6-4AE4-B9C6-98E8D60D7BD1}
		{B531BB7D-3544-4B48-9C5C-EFE33FB53A15} = {49B4257E-49C6-4AE4-B9C6-98E8D60D7BD1}
	EndGlobalSection
	GlobalSection(ExtensibilityGlobals) = postSolution
		SolutionGuid = {2034CE9F-33F9-4ECA-939A-2E77FD01488F}
	EndGlobalSection
EndGlobal
